// !$*UTF8*$!
{
	archiveVersion = 1;
	classes = {
	};
	objectVersion = 50;
	objects = {

/* Begin PBXBuildFile section */
		792631FA262C0901004FA180 /* Calendar+generateDates.swift in Sources */ = {isa = PBXBuildFile; fileRef = 792631F5262C0900004FA180 /* Calendar+generateDates.swift */; };
		792631FB262C0901004FA180 /* Date+isSameDateAs.swift in Sources */ = {isa = PBXBuildFile; fileRef = 792631F6262C0900004FA180 /* Date+isSameDateAs.swift */; };
		792631FC262C0901004FA180 /* NumberFormatter+Currency.swift in Sources */ = {isa = PBXBuildFile; fileRef = 792631F7262C0901004FA180 /* NumberFormatter+Currency.swift */; };
		792631FD262C0901004FA180 /* DateFormatter+getFormatter.swift in Sources */ = {isa = PBXBuildFile; fileRef = 792631F8262C0901004FA180 /* DateFormatter+getFormatter.swift */; };
		792631FE262C0901004FA180 /* Calendar+IntervalOf.swift in Sources */ = {isa = PBXBuildFile; fileRef = 792631F9262C0901004FA180 /* Calendar+IntervalOf.swift */; };
		796EC949262AD4A2008692B7 /* RupeeRepoApp.swift in Sources */ = {isa = PBXBuildFile; fileRef = 796EC948262AD4A2008692B7 /* RupeeRepoApp.swift */; };
		796EC94B262AD4A2008692B7 /* ContentView.swift in Sources */ = {isa = PBXBuildFile; fileRef = 796EC94A262AD4A2008692B7 /* ContentView.swift */; };
		796EC94D262AD4A3008692B7 /* Assets.xcassets in Resources */ = {isa = PBXBuildFile; fileRef = 796EC94C262AD4A3008692B7 /* Assets.xcassets */; };
		796EC950262AD4A3008692B7 /* Preview Assets.xcassets in Resources */ = {isa = PBXBuildFile; fileRef = 796EC94F262AD4A3008692B7 /* Preview Assets.xcassets */; };
/* End PBXBuildFile section */

/* Begin PBXFileReference section */
		792631F5262C0900004FA180 /* Calendar+generateDates.swift */ = {isa = PBXFileReference; fileEncoding = 4; lastKnownFileType = sourcecode.swift; path = "Calendar+generateDates.swift"; sourceTree = "<group>"; };
		792631F6262C0900004FA180 /* Date+isSameDateAs.swift */ = {isa = PBXFileReference; fileEncoding = 4; lastKnownFileType = sourcecode.swift; path = "Date+isSameDateAs.swift"; sourceTree = "<group>"; };
		792631F7262C0901004FA180 /* NumberFormatter+Currency.swift */ = {isa = PBXFileReference; fileEncoding = 4; lastKnownFileType = sourcecode.swift; path = "NumberFormatter+Currency.swift"; sourceTree = "<group>"; };
		792631F8262C0901004FA180 /* DateFormatter+getFormatter.swift */ = {isa = PBXFileReference; fileEncoding = 4; lastKnownFileType = sourcecode.swift; path = "DateFormatter+getFormatter.swift"; sourceTree = "<group>"; };
		792631F9262C0901004FA180 /* Calendar+IntervalOf.swift */ = {isa = PBXFileReference; fileEncoding = 4; lastKnownFileType = sourcecode.swift; path = "Calendar+IntervalOf.swift"; sourceTree = "<group>"; };
		796EC945262AD4A2008692B7 /* RupeeRepo.app */ = {isa = PBXFileReference; explicitFileType = wrapper.application; includeInIndex = 0; path = RupeeRepo.app; sourceTree = BUILT_PRODUCTS_DIR; };
		796EC948262AD4A2008692B7 /* RupeeRepoApp.swift */ = {isa = PBXFileReference; lastKnownFileType = sourcecode.swift; path = RupeeRepoApp.swift; sourceTree = "<group>"; };
		796EC94A262AD4A2008692B7 /* ContentView.swift */ = {isa = PBXFileReference; lastKnownFileType = sourcecode.swift; path = ContentView.swift; sourceTree = "<group>"; };
		796EC94C262AD4A3008692B7 /* Assets.xcassets */ = {isa = PBXFileReference; lastKnownFileType = folder.assetcatalog; path = Assets.xcassets; sourceTree = "<group>"; };
		796EC94F262AD4A3008692B7 /* Preview Assets.xcassets */ = {isa = PBXFileReference; lastKnownFileType = folder.assetcatalog; path = "Preview Assets.xcassets"; sourceTree = "<group>"; };
		796EC951262AD4A3008692B7 /* Info.plist */ = {isa = PBXFileReference; lastKnownFileType = text.plist.xml; path = Info.plist; sourceTree = "<group>"; };
/* End PBXFileReference section */

/* Begin PBXFrameworksBuildPhase section */
		796EC942262AD4A2008692B7 /* Frameworks */ = {
			isa = PBXFrameworksBuildPhase;
			buildActionMask = 2147483647;
			files = (
			);
			runOnlyForDeploymentPostprocessing = 0;
		};
/* End PBXFrameworksBuildPhase section */

/* Begin PBXGroup section */
		792631F1262C089F004FA180 /* Extensions */ = {
			isa = PBXGroup;
			children = (
				792631F5262C0900004FA180 /* Calendar+generateDates.swift */,
				792631F9262C0901004FA180 /* Calendar+IntervalOf.swift */,
				792631F6262C0900004FA180 /* Date+isSameDateAs.swift */,
				792631F8262C0901004FA180 /* DateFormatter+getFormatter.swift */,
				792631F7262C0901004FA180 /* NumberFormatter+Currency.swift */,
			);
			path = Extensions;
			sourceTree = "<group>";
		};
		792631F2262C08B1004FA180 /* Model */ = {
			isa = PBXGroup;
			children = (
			);
			path = Model;
			sourceTree = "<group>";
		};
		792631F3262C08B8004FA180 /* View */ = {
			isa = PBXGroup;
			children = (
			);
			path = View;
			sourceTree = "<group>";
		};
		792631F4262C08BF004FA180 /* ViewModel */ = {
			isa = PBXGroup;
			children = (
			);
			path = ViewModel;
			sourceTree = "<group>";
		};
		796EC93C262AD4A2008692B7 = {
			isa = PBXGroup;
			children = (
				796EC947262AD4A2008692B7 /* RupeeRepo */,
				796EC946262AD4A2008692B7 /* Products */,
			);
			sourceTree = "<group>";
		};
		796EC946262AD4A2008692B7 /* Products */ = {
			isa = PBXGroup;
			children = (
				796EC945262AD4A2008692B7 /* RupeeRepo.app */,
			);
			name = Products;
			sourceTree = "<group>";
		};
		796EC947262AD4A2008692B7 /* RupeeRepo */ = {
			isa = PBXGroup;
			children = (
				792631F4262C08BF004FA180 /* ViewModel */,
				792631F3262C08B8004FA180 /* View */,
				792631F2262C08B1004FA180 /* Model */,
				792631F1262C089F004FA180 /* Extensions */,
				796EC948262AD4A2008692B7 /* RupeeRepoApp.swift */,
				796EC94A262AD4A2008692B7 /* ContentView.swift */,
				796EC94C262AD4A3008692B7 /* Assets.xcassets */,
				796EC951262AD4A3008692B7 /* Info.plist */,
				796EC94E262AD4A3008692B7 /* Preview Content */,
			);
			path = RupeeRepo;
			sourceTree = "<group>";
		};
		796EC94E262AD4A3008692B7 /* Preview Content */ = {
			isa = PBXGroup;
			children = (
				796EC94F262AD4A3008692B7 /* Preview Assets.xcassets */,
			);
			path = "Preview Content";
			sourceTree = "<group>";
		};
/* End PBXGroup section */

/* Begin PBXNativeTarget section */
		796EC944262AD4A2008692B7 /* RupeeRepo */ = {
			isa = PBXNativeTarget;
			buildConfigurationList = 796EC954262AD4A3008692B7 /* Build configuration list for PBXNativeTarget "RupeeRepo" */;
			buildPhases = (
				796EC941262AD4A2008692B7 /* Sources */,
				796EC942262AD4A2008692B7 /* Frameworks */,
				796EC943262AD4A2008692B7 /* Resources */,
			);
			buildRules = (
			);
			dependencies = (
			);
			name = RupeeRepo;
			productName = RupeeRepo;
			productReference = 796EC945262AD4A2008692B7 /* RupeeRepo.app */;
			productType = "com.apple.product-type.application";
		};
/* End PBXNativeTarget section */

/* Begin PBXProject section */
		796EC93D262AD4A2008692B7 /* Project object */ = {
			isa = PBXProject;
			attributes = {
				LastSwiftUpdateCheck = 1250;
				LastUpgradeCheck = 1250;
				TargetAttributes = {
					796EC944262AD4A2008692B7 = {
						CreatedOnToolsVersion = 12.5;
					};
				};
			};
			buildConfigurationList = 796EC940262AD4A2008692B7 /* Build configuration list for PBXProject "RupeeRepo" */;
			compatibilityVersion = "Xcode 9.3";
			developmentRegion = en;
			hasScannedForEncodings = 0;
			knownRegions = (
				en,
				Base,
			);
			mainGroup = 796EC93C262AD4A2008692B7;
			productRefGroup = 796EC946262AD4A2008692B7 /* Products */;
			projectDirPath = "";
			projectRoot = "";
			targets = (
				796EC944262AD4A2008692B7 /* RupeeRepo */,
			);
		};
/* End PBXProject section */

/* Begin PBXResourcesBuildPhase section */
		796EC943262AD4A2008692B7 /* Resources */ = {
			isa = PBXResourcesBuildPhase;
			buildActionMask = 2147483647;
			files = (
				796EC950262AD4A3008692B7 /* Preview Assets.xcassets in Resources */,
				796EC94D262AD4A3008692B7 /* Assets.xcassets in Resources */,
			);
			runOnlyForDeploymentPostprocessing = 0;
		};
/* End PBXResourcesBuildPhase section */

/* Begin PBXSourcesBuildPhase section */
		796EC941262AD4A2008692B7 /* Sources */ = {
			isa = PBXSourcesBuildPhase;
			buildActionMask = 2147483647;
			files = (
				792631FD262C0901004FA180 /* DateFormatter+getFormatter.swift in Sources */,
				792631FE262C0901004FA180 /* Calendar+IntervalOf.swift in Sources */,
				796EC94B262AD4A2008692B7 /* ContentView.swift in Sources */,
				792631FC262C0901004FA180 /* NumberFormatter+Currency.swift in Sources */,
				792631FA262C0901004FA180 /* Calendar+generateDates.swift in Sources */,
				796EC949262AD4A2008692B7 /* RupeeRepoApp.swift in Sources */,
				792631FB262C0901004FA180 /* Date+isSameDateAs.swift in Sources */,
			);
			runOnlyForDeploymentPostprocessing = 0;
		};
/* End PBXSourcesBuildPhase section */

/* Begin XCBuildConfiguration section */
		796EC952262AD4A3008692B7 /* Debug */ = {
			isa = XCBuildConfiguration;
			buildSettings = {
				ALWAYS_SEARCH_USER_PATHS = NO;
				CLANG_ANALYZER_NONNULL = YES;
				CLANG_ANALYZER_NUMBER_OBJECT_CONVERSION = YES_AGGRESSIVE;
				CLANG_CXX_LANGUAGE_STANDARD = "gnu++14";
				CLANG_CXX_LIBRARY = "libc++";
				CLANG_ENABLE_MODULES = YES;
				CLANG_ENABLE_OBJC_ARC = YES;
				CLANG_ENABLE_OBJC_WEAK = YES;
				CLANG_WARN_BLOCK_CAPTURE_AUTORELEASING = YES;
				CLANG_WARN_BOOL_CONVERSION = YES;
				CLANG_WARN_COMMA = YES;
				CLANG_WARN_CONSTANT_CONVERSION = YES;
				CLANG_WARN_DEPRECATED_OBJC_IMPLEMENTATIONS = YES;
				CLANG_WARN_DIRECT_OBJC_ISA_USAGE = YES_ERROR;
				CLANG_WARN_DOCUMENTATION_COMMENTS = YES;
				CLANG_WARN_EMPTY_BODY = YES;
				CLANG_WARN_ENUM_CONVERSION = YES;
				CLANG_WARN_INFINITE_RECURSION = YES;
				CLANG_WARN_INT_CONVERSION = YES;
				CLANG_WARN_NON_LITERAL_NULL_CONVERSION = YES;
				CLANG_WARN_OBJC_IMPLICIT_RETAIN_SELF = YES;
				CLANG_WARN_OBJC_LITERAL_CONVERSION = YES;
				CLANG_WARN_OBJC_ROOT_CLASS = YES_ERROR;
				CLANG_WARN_QUOTED_INCLUDE_IN_FRAMEWORK_HEADER = YES;
				CLANG_WARN_RANGE_LOOP_ANALYSIS = YES;
				CLANG_WARN_STRICT_PROTOTYPES = YES;
				CLANG_WARN_SUSPICIOUS_MOVE = YES;
				CLANG_WARN_UNGUARDED_AVAILABILITY = YES_AGGRESSIVE;
				CLANG_WARN_UNREACHABLE_CODE = YES;
				CLANG_WARN__DUPLICATE_METHOD_MATCH = YES;
				COPY_PHASE_STRIP = NO;
				DEBUG_INFORMATION_FORMAT = dwarf;
				ENABLE_STRICT_OBJC_MSGSEND = YES;
				ENABLE_TESTABILITY = YES;
				GCC_C_LANGUAGE_STANDARD = gnu11;
				GCC_DYNAMIC_NO_PIC = NO;
				GCC_NO_COMMON_BLOCKS = YES;
				GCC_OPTIMIZATION_LEVEL = 0;
				GCC_PREPROCESSOR_DEFINITIONS = (
					"DEBUG=1",
					"$(inherited)",
				);
				GCC_WARN_64_TO_32_BIT_CONVERSION = YES;
				GCC_WARN_ABOUT_RETURN_TYPE = YES_ERROR;
				GCC_WARN_UNDECLARED_SELECTOR = YES;
				GCC_WARN_UNINITIALIZED_AUTOS = YES_AGGRESSIVE;
				GCC_WARN_UNUSED_FUNCTION = YES;
				GCC_WARN_UNUSED_VARIABLE = YES;
				IPHONEOS_DEPLOYMENT_TARGET = 14.5;
				MTL_ENABLE_DEBUG_INFO = INCLUDE_SOURCE;
				MTL_FAST_MATH = YES;
				ONLY_ACTIVE_ARCH = YES;
				SDKROOT = iphoneos;
				SWIFT_ACTIVE_COMPILATION_CONDITIONS = DEBUG;
				SWIFT_OPTIMIZATION_LEVEL = "-Onone";
			};
			name = Debug;
		};
		796EC953262AD4A3008692B7 /* Release */ = {
			isa = XCBuildConfiguration;
			buildSettings = {
				ALWAYS_SEARCH_USER_PATHS = NO;
				CLANG_ANALYZER_NONNULL = YES;
				CLANG_ANALYZER_NUMBER_OBJECT_CONVERSION = YES_AGGRESSIVE;
				CLANG_CXX_LANGUAGE_STANDARD = "gnu++14";
				CLANG_CXX_LIBRARY = "libc++";
				CLANG_ENABLE_MODULES = YES;
				CLANG_ENABLE_OBJC_ARC = YES;
				CLANG_ENABLE_OBJC_WEAK = YES;
				CLANG_WARN_BLOCK_CAPTURE_AUTORELEASING = YES;
				CLANG_WARN_BOOL_CONVERSION = YES;
				CLANG_WARN_COMMA = YES;
				CLANG_WARN_CONSTANT_CONVERSION = YES;
				CLANG_WARN_DEPRECATED_OBJC_IMPLEMENTATIONS = YES;
				CLANG_WARN_DIRECT_OBJC_ISA_USAGE = YES_ERROR;
				CLANG_WARN_DOCUMENTATION_COMMENTS = YES;
				CLANG_WARN_EMPTY_BODY = YES;
				CLANG_WARN_ENUM_CONVERSION = YES;
				CLANG_WARN_INFINITE_RECURSION = YES;
				CLANG_WARN_INT_CONVERSION = YES;
				CLANG_WARN_NON_LITERAL_NULL_CONVERSION = YES;
				CLANG_WARN_OBJC_IMPLICIT_RETAIN_SELF = YES;
				CLANG_WARN_OBJC_LITERAL_CONVERSION = YES;
				CLANG_WARN_OBJC_ROOT_CLASS = YES_ERROR;
				CLANG_WARN_QUOTED_INCLUDE_IN_FRAMEWORK_HEADER = YES;
				CLANG_WARN_RANGE_LOOP_ANALYSIS = YES;
				CLANG_WARN_STRICT_PROTOTYPES = YES;
				CLANG_WARN_SUSPICIOUS_MOVE = YES;
				CLANG_WARN_UNGUARDED_AVAILABILITY = YES_AGGRESSIVE;
				CLANG_WARN_UNREACHABLE_CODE = YES;
				CLANG_WARN__DUPLICATE_METHOD_MATCH = YES;
				COPY_PHASE_STRIP = NO;
				DEBUG_INFORMATION_FORMAT = "dwarf-with-dsym";
				ENABLE_NS_ASSERTIONS = NO;
				ENABLE_STRICT_OBJC_MSGSEND = YES;
				GCC_C_LANGUAGE_STANDARD = gnu11;
				GCC_NO_COMMON_BLOCKS = YES;
				GCC_WARN_64_TO_32_BIT_CONVERSION = YES;
				GCC_WARN_ABOUT_RETURN_TYPE = YES_ERROR;
				GCC_WARN_UNDECLARED_SELECTOR = YES;
				GCC_WARN_UNINITIALIZED_AUTOS = YES_AGGRESSIVE;
				GCC_WARN_UNUSED_FUNCTION = YES;
				GCC_WARN_UNUSED_VARIABLE = YES;
				IPHONEOS_DEPLOYMENT_TARGET = 14.5;
				MTL_ENABLE_DEBUG_INFO = NO;
				MTL_FAST_MATH = YES;
				SDKROOT = iphoneos;
				SWIFT_COMPILATION_MODE = wholemodule;
				SWIFT_OPTIMIZATION_LEVEL = "-O";
				VALIDATE_PRODUCT = YES;
			};
			name = Release;
		};
		796EC955262AD4A3008692B7 /* Debug */ = {
			isa = XCBuildConfiguration;
			buildSettings = {
				ASSETCATALOG_COMPILER_APPICON_NAME = AppIcon;
				ASSETCATALOG_COMPILER_GLOBAL_ACCENT_COLOR_NAME = AccentColor;
				CODE_SIGN_STYLE = Automatic;
				DEVELOPMENT_ASSET_PATHS = "\"RupeeRepo/Preview Content\"";
				DEVELOPMENT_TEAM = 8792VM5KKY;
				ENABLE_PREVIEWS = YES;
				INFOPLIST_FILE = RupeeRepo/Info.plist;
				IPHONEOS_DEPLOYMENT_TARGET = 14.0;
				LD_RUNPATH_SEARCH_PATHS = (
					"$(inherited)",
					"@executable_path/Frameworks",
				);
				PRODUCT_BUNDLE_IDENTIFIER = tech.pradyumnshukla.RupeeRepo;
				PRODUCT_NAME = "$(TARGET_NAME)";
				SWIFT_VERSION = 5.0;
				TARGETED_DEVICE_FAMILY = "1,2";
			};
			name = Debug;
		};
		796EC956262AD4A3008692B7 /* Release */ = {
			isa = XCBuildConfiguration;
			buildSettings = {
				ASSETCATALOG_COMPILER_APPICON_NAME = AppIcon;
				ASSETCATALOG_COMPILER_GLOBAL_ACCENT_COLOR_NAME = AccentColor;
				CODE_SIGN_STYLE = Automatic;
				DEVELOPMENT_ASSET_PATHS = "\"RupeeRepo/Preview Content\"";
				DEVELOPMENT_TEAM = 8792VM5KKY;
				ENABLE_PREVIEWS = YES;
				INFOPLIST_FILE = RupeeRepo/Info.plist;
				IPHONEOS_DEPLOYMENT_TARGET = 14.0;
				LD_RUNPATH_SEARCH_PATHS = (
					"$(inherited)",
					"@executable_path/Frameworks",
				);
				PRODUCT_BUNDLE_IDENTIFIER = tech.pradyumnshukla.RupeeRepo;
				PRODUCT_NAME = "$(TARGET_NAME)";
				SWIFT_VERSION = 5.0;
				TARGETED_DEVICE_FAMILY = "1,2";
			};
			name = Release;
		};
/* End XCBuildConfiguration section */

/* Begin XCConfigurationList section */
		796EC940262AD4A2008692B7 /* Build configuration list for PBXProject "RupeeRepo" */ = {
			isa = XCConfigurationList;
			buildConfigurations = (
				796EC952262AD4A3008692B7 /* Debug */,
				796EC953262AD4A3008692B7 /* Release */,
			);
			defaultConfigurationIsVisible = 0;
			defaultConfigurationName = Release;
		};
		796EC954262AD4A3008692B7 /* Build configuration list for PBXNativeTarget "RupeeRepo" */ = {
			isa = XCConfigurationList;
			buildConfigurations = (
				796EC955262AD4A3008692B7 /* Debug */,
				796EC956262AD4A3008692B7 /* Release */,
			);
			defaultConfigurationIsVisible = 0;
			defaultConfigurationName = Release;
		};
/* End XCConfigurationList section */
	};
	rootObject = 796EC93D262AD4A2008692B7 /* Project object */;
}
